// !$*UTF8*$!
{
	archiveVersion = 1;
	classes = {
	};
	objectVersion = 55;
	objects = {

/* Begin PBXBuildFile section */
		A4AC5B9C2800BED4007D6A64 /* Tests_iOS.swift in Sources */ = {isa = PBXBuildFile; fileRef = A4AC5B9B2800BED4007D6A64 /* Tests_iOS.swift */; };
		A4AC5B9E2800BED4007D6A64 /* Tests_iOSLaunchTests.swift in Sources */ = {isa = PBXBuildFile; fileRef = A4AC5B9D2800BED4007D6A64 /* Tests_iOSLaunchTests.swift */; };
		A4AC5BA82800BED4007D6A64 /* Tests_macOS.swift in Sources */ = {isa = PBXBuildFile; fileRef = A4AC5BA72800BED4007D6A64 /* Tests_macOS.swift */; };
		A4AC5BAA2800BED4007D6A64 /* Tests_macOSLaunchTests.swift in Sources */ = {isa = PBXBuildFile; fileRef = A4AC5BA92800BED4007D6A64 /* Tests_macOSLaunchTests.swift */; };
		A4AC5BAB2800BED4007D6A64 /* F1reactionTraining.xcdatamodeld in Sources */ = {isa = PBXBuildFile; fileRef = A4AC5B802800BED2007D6A64 /* F1reactionTraining.xcdatamodeld */; };
		A4AC5BAC2800BED4007D6A64 /* F1reactionTraining.xcdatamodeld in Sources */ = {isa = PBXBuildFile; fileRef = A4AC5B802800BED2007D6A64 /* F1reactionTraining.xcdatamodeld */; };
		A4AC5BAD2800BED4007D6A64 /* F1reactionTrainingApp.swift in Sources */ = {isa = PBXBuildFile; fileRef = A4AC5B822800BED2007D6A64 /* F1reactionTrainingApp.swift */; };
		A4AC5BAE2800BED4007D6A64 /* F1reactionTrainingApp.swift in Sources */ = {isa = PBXBuildFile; fileRef = A4AC5B822800BED2007D6A64 /* F1reactionTrainingApp.swift */; };
		A4AC5BAF2800BED4007D6A64 /* ContentView.swift in Sources */ = {isa = PBXBuildFile; fileRef = A4AC5B832800BED2007D6A64 /* ContentView.swift */; };
		A4AC5BB02800BED4007D6A64 /* ContentView.swift in Sources */ = {isa = PBXBuildFile; fileRef = A4AC5B832800BED2007D6A64 /* ContentView.swift */; };
		A4AC5BB12800BED4007D6A64 /* Persistence.swift in Sources */ = {isa = PBXBuildFile; fileRef = A4AC5B842800BED2007D6A64 /* Persistence.swift */; };
		A4AC5BB22800BED4007D6A64 /* Persistence.swift in Sources */ = {isa = PBXBuildFile; fileRef = A4AC5B842800BED2007D6A64 /* Persistence.swift */; };
		A4AC5BB32800BED4007D6A64 /* Assets.xcassets in Resources */ = {isa = PBXBuildFile; fileRef = A4AC5B852800BED3007D6A64 /* Assets.xcassets */; };
		A4AC5BB42800BED4007D6A64 /* Assets.xcassets in Resources */ = {isa = PBXBuildFile; fileRef = A4AC5B852800BED3007D6A64 /* Assets.xcassets */; };
/* End PBXBuildFile section */

/* Begin PBXContainerItemProxy section */
		A4AC5B982800BED4007D6A64 /* PBXContainerItemProxy */ = {
			isa = PBXContainerItemProxy;
			containerPortal = A4AC5B7B2800BED2007D6A64 /* Project object */;
			proxyType = 1;
			remoteGlobalIDString = A4AC5B892800BED3007D6A64;
			remoteInfo = "F1reactionTraining (iOS)";
		};
		A4AC5BA42800BED4007D6A64 /* PBXContainerItemProxy */ = {
			isa = PBXContainerItemProxy;
			containerPortal = A4AC5B7B2800BED2007D6A64 /* Project object */;
			proxyType = 1;
			remoteGlobalIDString = A4AC5B8F2800BED4007D6A64;
			remoteInfo = "F1reactionTraining (macOS)";
		};
/* End PBXContainerItemProxy section */

/* Begin PBXFileReference section */
		A4AC5B812800BED2007D6A64 /* Shared.xcdatamodel */ = {isa = PBXFileReference; lastKnownFileType = wrapper.xcdatamodel; path = Shared.xcdatamodel; sourceTree = "<group>"; };
		A4AC5B822800BED2007D6A64 /* F1reactionTrainingApp.swift */ = {isa = PBXFileReference; lastKnownFileType = sourcecode.swift; path = F1reactionTrainingApp.swift; sourceTree = "<group>"; };
		A4AC5B832800BED2007D6A64 /* ContentView.swift */ = {isa = PBXFileReference; lastKnownFileType = sourcecode.swift; path = ContentView.swift; sourceTree = "<group>"; };
		A4AC5B842800BED2007D6A64 /* Persistence.swift */ = {isa = PBXFileReference; lastKnownFileType = sourcecode.swift; path = Persistence.swift; sourceTree = "<group>"; };
		A4AC5B852800BED3007D6A64 /* Assets.xcassets */ = {isa = PBXFileReference; lastKnownFileType = folder.assetcatalog; path = Assets.xcassets; sourceTree = "<group>"; };
		A4AC5B8A2800BED3007D6A64 /* F1reactionTraining.app */ = {isa = PBXFileReference; explicitFileType = wrapper.application; includeInIndex = 0; path = F1reactionTraining.app; sourceTree = BUILT_PRODUCTS_DIR; };
		A4AC5B902800BED4007D6A64 /* F1reactionTraining.app */ = {isa = PBXFileReference; explicitFileType = wrapper.application; includeInIndex = 0; path = F1reactionTraining.app; sourceTree = BUILT_PRODUCTS_DIR; };
		A4AC5B922800BED4007D6A64 /* macOS.entitlements */ = {isa = PBXFileReference; lastKnownFileType = text.plist.entitlements; path = macOS.entitlements; sourceTree = "<group>"; };
		A4AC5B972800BED4007D6A64 /* Tests iOS.xctest */ = {isa = PBXFileReference; explicitFileType = wrapper.cfbundle; includeInIndex = 0; path = "Tests iOS.xctest"; sourceTree = BUILT_PRODUCTS_DIR; };
		A4AC5B9B2800BED4007D6A64 /* Tests_iOS.swift */ = {isa = PBXFileReference; lastKnownFileType = sourcecode.swift; path = Tests_iOS.swift; sourceTree = "<group>"; };
		A4AC5B9D2800BED4007D6A64 /* Tests_iOSLaunchTests.swift */ = {isa = PBXFileReference; lastKnownFileType = sourcecode.swift; path = Tests_iOSLaunchTests.swift; sourceTree = "<group>"; };
		A4AC5BA32800BED4007D6A64 /* Tests macOS.xctest */ = {isa = PBXFileReference; explicitFileType = wrapper.cfbundle; includeInIndex = 0; path = "Tests macOS.xctest"; sourceTree = BUILT_PRODUCTS_DIR; };
		A4AC5BA72800BED4007D6A64 /* Tests_macOS.swift */ = {isa = PBXFileReference; lastKnownFileType = sourcecode.swift; path = Tests_macOS.swift; sourceTree = "<group>"; };
		A4AC5BA92800BED4007D6A64 /* Tests_macOSLaunchTests.swift */ = {isa = PBXFileReference; lastKnownFileType = sourcecode.swift; path = Tests_macOSLaunchTests.swift; sourceTree = "<group>"; };
/* End PBXFileReference section */

/* Begin PBXFrameworksBuildPhase section */
		A4AC5B872800BED3007D6A64 /* Frameworks */ = {
			isa = PBXFrameworksBuildPhase;
			buildActionMask = 2147483647;
			files = (
			);
			runOnlyForDeploymentPostprocessing = 0;
		};
		A4AC5B8D2800BED4007D6A64 /* Frameworks */ = {
			isa = PBXFrameworksBuildPhase;
			buildActionMask = 2147483647;
			files = (
			);
			runOnlyForDeploymentPostprocessing = 0;
		};
		A4AC5B942800BED4007D6A64 /* Frameworks */ = {
			isa = PBXFrameworksBuildPhase;
			buildActionMask = 2147483647;
			files = (
			);
			runOnlyForDeploymentPostprocessing = 0;
		};
		A4AC5BA02800BED4007D6A64 /* Frameworks */ = {
			isa = PBXFrameworksBuildPhase;
			buildActionMask = 2147483647;
			files = (
			);
			runOnlyForDeploymentPostprocessing = 0;
		};
/* End PBXFrameworksBuildPhase section */

/* Begin PBXGroup section */
		A4AC5B7A2800BED2007D6A64 = {
			isa = PBXGroup;
			children = (
				A4AC5B7F2800BED2007D6A64 /* Shared */,
				A4AC5B912800BED4007D6A64 /* macOS */,
				A4AC5B9A2800BED4007D6A64 /* Tests iOS */,
				A4AC5BA62800BED4007D6A64 /* Tests macOS */,
				A4AC5B8B2800BED3007D6A64 /* Products */,
			);
			sourceTree = "<group>";
		};
		A4AC5B7F2800BED2007D6A64 /* Shared */ = {
			isa = PBXGroup;
			children = (
				A4AC5B822800BED2007D6A64 /* F1reactionTrainingApp.swift */,
				A4AC5B832800BED2007D6A64 /* ContentView.swift */,
				A4AC5B842800BED2007D6A64 /* Persistence.swift */,
				A4AC5B852800BED3007D6A64 /* Assets.xcassets */,
				A4AC5B802800BED2007D6A64 /* F1reactionTraining.xcdatamodeld */,
			);
			path = Shared;
			sourceTree = "<group>";
		};
		A4AC5B8B2800BED3007D6A64 /* Products */ = {
			isa = PBXGroup;
			children = (
				A4AC5B8A2800BED3007D6A64 /* F1reactionTraining.app */,
				A4AC5B902800BED4007D6A64 /* F1reactionTraining.app */,
				A4AC5B972800BED4007D6A64 /* Tests iOS.xctest */,
				A4AC5BA32800BED4007D6A64 /* Tests macOS.xctest */,
			);
			name = Products;
			sourceTree = "<group>";
		};
		A4AC5B912800BED4007D6A64 /* macOS */ = {
			isa = PBXGroup;
			children = (
				A4AC5B922800BED4007D6A64 /* macOS.entitlements */,
			);
			path = macOS;
			sourceTree = "<group>";
		};
		A4AC5B9A2800BED4007D6A64 /* Tests iOS */ = {
			isa = PBXGroup;
			children = (
				A4AC5B9B2800BED4007D6A64 /* Tests_iOS.swift */,
				A4AC5B9D2800BED4007D6A64 /* Tests_iOSLaunchTests.swift */,
			);
			path = "Tests iOS";
			sourceTree = "<group>";
		};
		A4AC5BA62800BED4007D6A64 /* Tests macOS */ = {
			isa = PBXGroup;
			children = (
				A4AC5BA72800BED4007D6A64 /* Tests_macOS.swift */,
				A4AC5BA92800BED4007D6A64 /* Tests_macOSLaunchTests.swift */,
			);
			path = "Tests macOS";
			sourceTree = "<group>";
		};
/* End PBXGroup section */

/* Begin PBXNativeTarget section */
		A4AC5B892800BED3007D6A64 /* F1reactionTraining (iOS) */ = {
			isa = PBXNativeTarget;
			buildConfigurationList = A4AC5BB72800BED4007D6A64 /* Build configuration list for PBXNativeTarget "F1reactionTraining (iOS)" */;
			buildPhases = (
				A4AC5B862800BED3007D6A64 /* Sources */,
				A4AC5B872800BED3007D6A64 /* Frameworks */,
				A4AC5B882800BED3007D6A64 /* Resources */,
			);
			buildRules = (
			);
			dependencies = (
			);
			name = "F1reactionTraining (iOS)";
			productName = "F1reactionTraining (iOS)";
			productReference = A4AC5B8A2800BED3007D6A64 /* F1reactionTraining.app */;
			productType = "com.apple.product-type.application";
		};
		A4AC5B8F2800BED4007D6A64 /* F1reactionTraining (macOS) */ = {
			isa = PBXNativeTarget;
			buildConfigurationList = A4AC5BBA2800BED4007D6A64 /* Build configuration list for PBXNativeTarget "F1reactionTraining (macOS)" */;
			buildPhases = (
				A4AC5B8C2800BED4007D6A64 /* Sources */,
				A4AC5B8D2800BED4007D6A64 /* Frameworks */,
				A4AC5B8E2800BED4007D6A64 /* Resources */,
			);
			buildRules = (
			);
			dependencies = (
			);
			name = "F1reactionTraining (macOS)";
			productName = "F1reactionTraining (macOS)";
			productReference = A4AC5B902800BED4007D6A64 /* F1reactionTraining.app */;
			productType = "com.apple.product-type.application";
		};
		A4AC5B962800BED4007D6A64 /* Tests iOS */ = {
			isa = PBXNativeTarget;
			buildConfigurationList = A4AC5BBD2800BED4007D6A64 /* Build configuration list for PBXNativeTarget "Tests iOS" */;
			buildPhases = (
				A4AC5B932800BED4007D6A64 /* Sources */,
				A4AC5B942800BED4007D6A64 /* Frameworks */,
				A4AC5B952800BED4007D6A64 /* Resources */,
			);
			buildRules = (
			);
			dependencies = (
				A4AC5B992800BED4007D6A64 /* PBXTargetDependency */,
			);
			name = "Tests iOS";
			productName = "Tests iOS";
			productReference = A4AC5B972800BED4007D6A64 /* Tests iOS.xctest */;
			productType = "com.apple.product-type.bundle.ui-testing";
		};
		A4AC5BA22800BED4007D6A64 /* Tests macOS */ = {
			isa = PBXNativeTarget;
			buildConfigurationList = A4AC5BC02800BED4007D6A64 /* Build configuration list for PBXNativeTarget "Tests macOS" */;
			buildPhases = (
				A4AC5B9F2800BED4007D6A64 /* Sources */,
				A4AC5BA02800BED4007D6A64 /* Frameworks */,
				A4AC5BA12800BED4007D6A64 /* Resources */,
			);
			buildRules = (
			);
			dependencies = (
				A4AC5BA52800BED4007D6A64 /* PBXTargetDependency */,
			);
			name = "Tests macOS";
			productName = "Tests macOS";
			productReference = A4AC5BA32800BED4007D6A64 /* Tests macOS.xctest */;
			productType = "com.apple.product-type.bundle.ui-testing";
		};
/* End PBXNativeTarget section */

/* Begin PBXProject section */
		A4AC5B7B2800BED2007D6A64 /* Project object */ = {
			isa = PBXProject;
			attributes = {
				BuildIndependentTargetsInParallel = 1;
				LastSwiftUpdateCheck = 1330;
				LastUpgradeCheck = 1330;
				TargetAttributes = {
					A4AC5B892800BED3007D6A64 = {
						CreatedOnToolsVersion = 13.3;
					};
					A4AC5B8F2800BED4007D6A64 = {
						CreatedOnToolsVersion = 13.3;
					};
					A4AC5B962800BED4007D6A64 = {
						CreatedOnToolsVersion = 13.3;
						TestTargetID = A4AC5B892800BED3007D6A64;
					};
					A4AC5BA22800BED4007D6A64 = {
						CreatedOnToolsVersion = 13.3;
						TestTargetID = A4AC5B8F2800BED4007D6A64;
					};
				};
			};
			buildConfigurationList = A4AC5B7E2800BED2007D6A64 /* Build configuration list for PBXProject "F1reactionTraining" */;
			compatibilityVersion = "Xcode 13.0";
			developmentRegion = en;
			hasScannedForEncodings = 0;
			knownRegions = (
				en,
				Base,
			);
			mainGroup = A4AC5B7A2800BED2007D6A64;
			productRefGroup = A4AC5B8B2800BED3007D6A64 /* Products */;
			projectDirPath = "";
			projectRoot = "";
			targets = (
				A4AC5B892800BED3007D6A64 /* F1reactionTraining (iOS) */,
				A4AC5B8F2800BED4007D6A64 /* F1reactionTraining (macOS) */,
				A4AC5B962800BED4007D6A64 /* Tests iOS */,
				A4AC5BA22800BED4007D6A64 /* Tests macOS */,
			);
		};
/* End PBXProject section */

/* Begin PBXResourcesBuildPhase section */
		A4AC5B882800BED3007D6A64 /* Resources */ = {
			isa = PBXResourcesBuildPhase;
			buildActionMask = 2147483647;
			files = (
				A4AC5BB32800BED4007D6A64 /* Assets.xcassets in Resources */,
			);
			runOnlyForDeploymentPostprocessing = 0;
		};
		A4AC5B8E2800BED4007D6A64 /* Resources */ = {
			isa = PBXResourcesBuildPhase;
			buildActionMask = 2147483647;
			files = (
				A4AC5BB42800BED4007D6A64 /* Assets.xcassets in Resources */,
			);
			runOnlyForDeploymentPostprocessing = 0;
		};
		A4AC5B952800BED4007D6A64 /* Resources */ = {
			isa = PBXResourcesBuildPhase;
			buildActionMask = 2147483647;
			files = (
			);
			runOnlyForDeploymentPostprocessing = 0;
		};
		A4AC5BA12800BED4007D6A64 /* Resources */ = {
			isa = PBXResourcesBuildPhase;
			buildActionMask = 2147483647;
			files = (
			);
			runOnlyForDeploymentPostprocessing = 0;
		};
/* End PBXResourcesBuildPhase section */

/* Begin PBXSourcesBuildPhase section */
		A4AC5B862800BED3007D6A64 /* Sources */ = {
			isa = PBXSourcesBuildPhase;
			buildActionMask = 2147483647;
			files = (
				A4AC5BAB2800BED4007D6A64 /* F1reactionTraining.xcdatamodeld in Sources */,
				A4AC5BB12800BED4007D6A64 /* Persistence.swift in Sources */,
				A4AC5BAD2800BED4007D6A64 /* F1reactionTrainingApp.swift in Sources */,
				A4AC5BAF2800BED4007D6A64 /* ContentView.swift in Sources */,
			);
			runOnlyForDeploymentPostprocessing = 0;
		};
		A4AC5B8C2800BED4007D6A64 /* Sources */ = {
			isa = PBXSourcesBuildPhase;
			buildActionMask = 2147483647;
			files = (
				A4AC5BAC2800BED4007D6A64 /* F1reactionTraining.xcdatamodeld in Sources */,
				A4AC5BB22800BED4007D6A64 /* Persistence.swift in Sources */,
				A4AC5BAE2800BED4007D6A64 /* F1reactionTrainingApp.swift in Sources */,
				A4AC5BB02800BED4007D6A64 /* ContentView.swift in Sources */,
			);
			runOnlyForDeploymentPostprocessing = 0;
		};
		A4AC5B932800BED4007D6A64 /* Sources */ = {
			isa = PBXSourcesBuildPhase;
			buildActionMask = 2147483647;
			files = (
				A4AC5B9E2800BED4007D6A64 /* Tests_iOSLaunchTests.swift in Sources */,
				A4AC5B9C2800BED4007D6A64 /* Tests_iOS.swift in Sources */,
			);
			runOnlyForDeploymentPostprocessing = 0;
		};
		A4AC5B9F2800BED4007D6A64 /* Sources */ = {
			isa = PBXSourcesBuildPhase;
			buildActionMask = 2147483647;
			files = (
				A4AC5BAA2800BED4007D6A64 /* Tests_macOSLaunchTests.swift in Sources */,
				A4AC5BA82800BED4007D6A64 /* Tests_macOS.swift in Sources */,
			);
			runOnlyForDeploymentPostprocessing = 0;
		};
/* End PBXSourcesBuildPhase section */

/* Begin PBXTargetDependency section */
		A4AC5B992800BED4007D6A64 /* PBXTargetDependency */ = {
			isa = PBXTargetDependency;
			target = A4AC5B892800BED3007D6A64 /* F1reactionTraining (iOS) */;
			targetProxy = A4AC5B982800BED4007D6A64 /* PBXContainerItemProxy */;
		};
		A4AC5BA52800BED4007D6A64 /* PBXTargetDependency */ = {
			isa = PBXTargetDependency;
			target = A4AC5B8F2800BED4007D6A64 /* F1reactionTraining (macOS) */;
			targetProxy = A4AC5BA42800BED4007D6A64 /* PBXContainerItemProxy */;
		};
/* End PBXTargetDependency section */

/* Begin XCBuildConfiguration section */
		A4AC5BB52800BED4007D6A64 /* Debug */ = {
			isa = XCBuildConfiguration;
			buildSettings = {
				ALWAYS_SEARCH_USER_PATHS = NO;
				CLANG_ANALYZER_NONNULL = YES;
				CLANG_ANALYZER_NUMBER_OBJECT_CONVERSION = YES_AGGRESSIVE;
				CLANG_CXX_LANGUAGE_STANDARD = "gnu++17";
				CLANG_ENABLE_MODULES = YES;
				CLANG_ENABLE_OBJC_ARC = YES;
				CLANG_ENABLE_OBJC_WEAK = YES;
				CLANG_WARN_BLOCK_CAPTURE_AUTORELEASING = YES;
				CLANG_WARN_BOOL_CONVERSION = YES;
				CLANG_WARN_COMMA = YES;
				CLANG_WARN_CONSTANT_CONVERSION = YES;
				CLANG_WARN_DEPRECATED_OBJC_IMPLEMENTATIONS = YES;
				CLANG_WARN_DIRECT_OBJC_ISA_USAGE = YES_ERROR;
				CLANG_WARN_DOCUMENTATION_COMMENTS = YES;
				CLANG_WARN_EMPTY_BODY = YES;
				CLANG_WARN_ENUM_CONVERSION = YES;
				CLANG_WARN_INFINITE_RECURSION = YES;
				CLANG_WARN_INT_CONVERSION = YES;
				CLANG_WARN_NON_LITERAL_NULL_CONVERSION = YES;
				CLANG_WARN_OBJC_IMPLICIT_RETAIN_SELF = YES;
				CLANG_WARN_OBJC_LITERAL_CONVERSION = YES;
				CLANG_WARN_OBJC_ROOT_CLASS = YES_ERROR;
				CLANG_WARN_QUOTED_INCLUDE_IN_FRAMEWORK_HEADER = YES;
				CLANG_WARN_RANGE_LOOP_ANALYSIS = YES;
				CLANG_WARN_STRICT_PROTOTYPES = YES;
				CLANG_WARN_SUSPICIOUS_MOVE = YES;
				CLANG_WARN_UNGUARDED_AVAILABILITY = YES_AGGRESSIVE;
				CLANG_WARN_UNREACHABLE_CODE = YES;
				CLANG_WARN__DUPLICATE_METHOD_MATCH = YES;
				COPY_PHASE_STRIP = NO;
				DEBUG_INFORMATION_FORMAT = dwarf;
				ENABLE_STRICT_OBJC_MSGSEND = YES;
				ENABLE_TESTABILITY = YES;
				GCC_C_LANGUAGE_STANDARD = gnu11;
				GCC_DYNAMIC_NO_PIC = NO;
				GCC_NO_COMMON_BLOCKS = YES;
				GCC_OPTIMIZATION_LEVEL = 0;
				GCC_PREPROCESSOR_DEFINITIONS = (
					"DEBUG=1",
					"$(inherited)",
				);
				GCC_WARN_64_TO_32_BIT_CONVERSION = YES;
				GCC_WARN_ABOUT_RETURN_TYPE = YES_ERROR;
				GCC_WARN_UNDECLARED_SELECTOR = YES;
				GCC_WARN_UNINITIALIZED_AUTOS = YES_AGGRESSIVE;
				GCC_WARN_UNUSED_FUNCTION = YES;
				GCC_WARN_UNUSED_VARIABLE = YES;
				MTL_ENABLE_DEBUG_INFO = INCLUDE_SOURCE;
				MTL_FAST_MATH = YES;
				ONLY_ACTIVE_ARCH = YES;
				SWIFT_ACTIVE_COMPILATION_CONDITIONS = DEBUG;
				SWIFT_OPTIMIZATION_LEVEL = "-Onone";
			};
			name = Debug;
		};
		A4AC5BB62800BED4007D6A64 /* Release */ = {
			isa = XCBuildConfiguration;
			buildSettings = {
				ALWAYS_SEARCH_USER_PATHS = NO;
				CLANG_ANALYZER_NONNULL = YES;
				CLANG_ANALYZER_NUMBER_OBJECT_CONVERSION = YES_AGGRESSIVE;
				CLANG_CXX_LANGUAGE_STANDARD = "gnu++17";
				CLANG_ENABLE_MODULES = YES;
				CLANG_ENABLE_OBJC_ARC = YES;
				CLANG_ENABLE_OBJC_WEAK = YES;
				CLANG_WARN_BLOCK_CAPTURE_AUTORELEASING = YES;
				CLANG_WARN_BOOL_CONVERSION = YES;
				CLANG_WARN_COMMA = YES;
				CLANG_WARN_CONSTANT_CONVERSION = YES;
				CLANG_WARN_DEPRECATED_OBJC_IMPLEMENTATIONS = YES;
				CLANG_WARN_DIRECT_OBJC_ISA_USAGE = YES_ERROR;
				CLANG_WARN_DOCUMENTATION_COMMENTS = YES;
				CLANG_WARN_EMPTY_BODY = YES;
				CLANG_WARN_ENUM_CONVERSION = YES;
				CLANG_WARN_INFINITE_RECURSION = YES;
				CLANG_WARN_INT_CONVERSION = YES;
				CLANG_WARN_NON_LITERAL_NULL_CONVERSION = YES;
				CLANG_WARN_OBJC_IMPLICIT_RETAIN_SELF = YES;
				CLANG_WARN_OBJC_LITERAL_CONVERSION = YES;
				CLANG_WARN_OBJC_ROOT_CLASS = YES_ERROR;
				CLANG_WARN_QUOTED_INCLUDE_IN_FRAMEWORK_HEADER = YES;
				CLANG_WARN_RANGE_LOOP_ANALYSIS = YES;
				CLANG_WARN_STRICT_PROTOTYPES = YES;
				CLANG_WARN_SUSPICIOUS_MOVE = YES;
				CLANG_WARN_UNGUARDED_AVAILABILITY = YES_AGGRESSIVE;
				CLANG_WARN_UNREACHABLE_CODE = YES;
				CLANG_WARN__DUPLICATE_METHOD_MATCH = YES;
				COPY_PHASE_STRIP = NO;
				DEBUG_INFORMATION_FORMAT = "dwarf-with-dsym";
				ENABLE_NS_ASSERTIONS = NO;
				ENABLE_STRICT_OBJC_MSGSEND = YES;
				GCC_C_LANGUAGE_STANDARD = gnu11;
				GCC_NO_COMMON_BLOCKS = YES;
				GCC_WARN_64_TO_32_BIT_CONVERSION = YES;
				GCC_WARN_ABOUT_RETURN_TYPE = YES_ERROR;
				GCC_WARN_UNDECLARED_SELECTOR = YES;
				GCC_WARN_UNINITIALIZED_AUTOS = YES_AGGRESSIVE;
				GCC_WARN_UNUSED_FUNCTION = YES;
				GCC_WARN_UNUSED_VARIABLE = YES;
				MTL_ENABLE_DEBUG_INFO = NO;
				MTL_FAST_MATH = YES;
				SWIFT_COMPILATION_MODE = wholemodule;
				SWIFT_OPTIMIZATION_LEVEL = "-O";
			};
			name = Release;
		};
		A4AC5BB82800BED4007D6A64 /* Debug */ = {
			isa = XCBuildConfiguration;
			buildSettings = {
				ASSETCATALOG_COMPILER_APPICON_NAME = AppIcon;
				ASSETCATALOG_COMPILER_GLOBAL_ACCENT_COLOR_NAME = AccentColor;
				CODE_SIGN_STYLE = Automatic;
				CURRENT_PROJECT_VERSION = 1;
				ENABLE_PREVIEWS = YES;
				GENERATE_INFOPLIST_FILE = YES;
				INFOPLIST_KEY_UIApplicationSceneManifest_Generation = YES;
				INFOPLIST_KEY_UIApplicationSupportsIndirectInputEvents = YES;
				INFOPLIST_KEY_UILaunchScreen_Generation = YES;
				INFOPLIST_KEY_UISupportedInterfaceOrientations_iPad = "UIInterfaceOrientationPortrait UIInterfaceOrientationPortraitUpsideDown UIInterfaceOrientationLandscapeLeft UIInterfaceOrientationLandscapeRight";
				INFOPLIST_KEY_UISupportedInterfaceOrientations_iPhone = "UIInterfaceOrientationPortrait UIInterfaceOrientationLandscapeLeft UIInterfaceOrientationLandscapeRight";
				IPHONEOS_DEPLOYMENT_TARGET = 15.4;
				LD_RUNPATH_SEARCH_PATHS = (
					"$(inherited)",
					"@executable_path/Frameworks",
				);
				MARKETING_VERSION = 1.0;
				PRODUCT_BUNDLE_IDENTIFIER = com.marczaq.F1reactionTraining;
				PRODUCT_NAME = F1reactionTraining;
				SDKROOT = iphoneos;
				SWIFT_EMIT_LOC_STRINGS = YES;
				SWIFT_VERSION = 5.0;
				TARGETED_DEVICE_FAMILY = "1,2";
			};
			name = Debug;
		};
		A4AC5BB92800BED4007D6A64 /* Release */ = {
			isa = XCBuildConfiguration;
			buildSettings = {
				ASSETCATALOG_COMPILER_APPICON_NAME = AppIcon;
				ASSETCATALOG_COMPILER_GLOBAL_ACCENT_COLOR_NAME = AccentColor;
				CODE_SIGN_STYLE = Automatic;
				CURRENT_PROJECT_VERSION = 1;
				ENABLE_PREVIEWS = YES;
				GENERATE_INFOPLIST_FILE = YES;
				INFOPLIST_KEY_UIApplicationSceneManifest_Generation = YES;
				INFOPLIST_KEY_UIApplicationSupportsIndirectInputEvents = YES;
				INFOPLIST_KEY_UILaunchScreen_Generation = YES;
				INFOPLIST_KEY_UISupportedInterfaceOrientations_iPad = "UIInterfaceOrientationPortrait UIInterfaceOrientationPortraitUpsideDown UIInterfaceOrientationLandscapeLeft UIInterfaceOrientationLandscapeRight";
				INFOPLIST_KEY_UISupportedInterfaceOrientations_iPhone = "UIInterfaceOrientationPortrait UIInterfaceOrientationLandscapeLeft UIInterfaceOrientationLandscapeRight";
				IPHONEOS_DEPLOYMENT_TARGET = 15.4;
				LD_RUNPATH_SEARCH_PATHS = (
					"$(inherited)",
					"@executable_path/Frameworks",
				);
				MARKETING_VERSION = 1.0;
				PRODUCT_BUNDLE_IDENTIFIER = com.marczaq.F1reactionTraining;
				PRODUCT_NAME = F1reactionTraining;
				SDKROOT = iphoneos;
				SWIFT_EMIT_LOC_STRINGS = YES;
				SWIFT_VERSION = 5.0;
				TARGETED_DEVICE_FAMILY = "1,2";
				VALIDATE_PRODUCT = YES;
			};
			name = Release;
		};
		A4AC5BBB2800BED4007D6A64 /* Debug */ = {
			isa = XCBuildConfiguration;
			buildSettings = {
				ASSETCATALOG_COMPILER_APPICON_NAME = AppIcon;
				ASSETCATALOG_COMPILER_GLOBAL_ACCENT_COLOR_NAME = AccentColor;
				CODE_SIGN_ENTITLEMENTS = macOS/macOS.entitlements;
				CODE_SIGN_STYLE = Automatic;
				COMBINE_HIDPI_IMAGES = YES;
				CURRENT_PROJECT_VERSION = 1;
				ENABLE_PREVIEWS = YES;
				GENERATE_INFOPLIST_FILE = YES;
				INFOPLIST_KEY_NSHumanReadableCopyright = "";
				LD_RUNPATH_SEARCH_PATHS = (
					"$(inherited)",
					"@executable_path/../Frameworks",
				);
				MACOSX_DEPLOYMENT_TARGET = 12.3;
				MARKETING_VERSION = 1.0;
				PRODUCT_BUNDLE_IDENTIFIER = com.marczaq.F1reactionTraining;
				PRODUCT_NAME = F1reactionTraining;
				SDKROOT = macosx;
				SWIFT_EMIT_LOC_STRINGS = YES;
				SWIFT_VERSION = 5.0;
			};
			name = Debug;
		};
		A4AC5BBC2800BED4007D6A64 /* Release */ = {
			isa = XCBuildConfiguration;
			buildSettings = {
				ASSETCATALOG_COMPILER_APPICON_NAME = AppIcon;
				ASSETCATALOG_COMPILER_GLOBAL_ACCENT_COLOR_NAME = AccentColor;
				CODE_SIGN_ENTITLEMENTS = macOS/macOS.entitlements;
				CODE_SIGN_STYLE = Automatic;
				COMBINE_HIDPI_IMAGES = YES;
				CURRENT_PROJECT_VERSION = 1;
				ENABLE_PREVIEWS = YES;
				GENERATE_INFOPLIST_FILE = YES;
				INFOPLIST_KEY_NSHumanReadableCopyright = "";
				LD_RUNPATH_SEARCH_PATHS = (
					"$(inherited)",
					"@executable_path/../Frameworks",
				);
				MACOSX_DEPLOYMENT_TARGET = 12.3;
				MARKETING_VERSION = 1.0;
				PRODUCT_BUNDLE_IDENTIFIER = com.marczaq.F1reactionTraining;
				PRODUCT_NAME = F1reactionTraining;
				SDKROOT = macosx;
				SWIFT_EMIT_LOC_STRINGS = YES;
				SWIFT_VERSION = 5.0;
			};
			name = Release;
		};
		A4AC5BBE2800BED4007D6A64 /* Debug */ = {
			isa = XCBuildConfiguration;
			buildSettings = {
				ALWAYS_EMBED_SWIFT_STANDARD_LIBRARIES = YES;
				CODE_SIGN_STYLE = Automatic;
				CURRENT_PROJECT_VERSION = 1;
				GENERATE_INFOPLIST_FILE = YES;
				IPHONEOS_DEPLOYMENT_TARGET = 15.4;
				MARKETING_VERSION = 1.0;
				PRODUCT_BUNDLE_IDENTIFIER = "com.marczaq.Tests-iOS";
				PRODUCT_NAME = "$(TARGET_NAME)";
				SDKROOT = iphoneos;
				SWIFT_EMIT_LOC_STRINGS = NO;
				SWIFT_VERSION = 5.0;
				TARGETED_DEVICE_FAMILY = "1,2";
				TEST_TARGET_NAME = "F1reactionTraining (iOS)";
			};
			name = Debug;
		};
		A4AC5BBF2800BED4007D6A64 /* Release */ = {
			isa = XCBuildConfiguration;
			buildSettings = {
				ALWAYS_EMBED_SWIFT_STANDARD_LIBRARIES = YES;
				CODE_SIGN_STYLE = Automatic;
				CURRENT_PROJECT_VERSION = 1;
				GENERATE_INFOPLIST_FILE = YES;
				IPHONEOS_DEPLOYMENT_TARGET = 15.4;
				MARKETING_VERSION = 1.0;
				PRODUCT_BUNDLE_IDENTIFIER = "com.marczaq.Tests-iOS";
				PRODUCT_NAME = "$(TARGET_NAME)";
				SDKROOT = iphoneos;
				SWIFT_EMIT_LOC_STRINGS = NO;
				SWIFT_VERSION = 5.0;
				TARGETED_DEVICE_FAMILY = "1,2";
				TEST_TARGET_NAME = "F1reactionTraining (iOS)";
				VALIDATE_PRODUCT = YES;
			};
			name = Release;
		};
		A4AC5BC12800BED4007D6A64 /* Debug */ = {
			isa = XCBuildConfiguration;
			buildSettings = {
				ALWAYS_EMBED_SWIFT_STANDARD_LIBRARIES = YES;
				CODE_SIGN_STYLE = Automatic;
				CURRENT_PROJECT_VERSION = 1;
				GENERATE_INFOPLIST_FILE = YES;
				MACOSX_DEPLOYMENT_TARGET = 12.3;
				MARKETING_VERSION = 1.0;
				PRODUCT_BUNDLE_IDENTIFIER = "com.marczaq.Tests-macOS";
				PRODUCT_NAME = "$(TARGET_NAME)";
				SDKROOT = macosx;
				SWIFT_EMIT_LOC_STRINGS = NO;
				SWIFT_VERSION = 5.0;
				TEST_TARGET_NAME = "F1reactionTraining (macOS)";
			};
			name = Debug;
		};
		A4AC5BC22800BED4007D6A64 /* Release */ = {
			isa = XCBuildConfiguration;
			buildSettings = {
				ALWAYS_EMBED_SWIFT_STANDARD_LIBRARIES = YES;
				CODE_SIGN_STYLE = Automatic;
				CURRENT_PROJECT_VERSION = 1;
				GENERATE_INFOPLIST_FILE = YES;
				MACOSX_DEPLOYMENT_TARGET = 12.3;
				MARKETING_VERSION = 1.0;
				PRODUCT_BUNDLE_IDENTIFIER = "com.marczaq.Tests-macOS";
				PRODUCT_NAME = "$(TARGET_NAME)";
				SDKROOT = macosx;
				SWIFT_EMIT_LOC_STRINGS = NO;
				SWIFT_VERSION = 5.0;
				TEST_TARGET_NAME = "F1reactionTraining (macOS)";
			};
			name = Release;
		};
/* End XCBuildConfiguration section */

/* Begin XCConfigurationList section */
		A4AC5B7E2800BED2007D6A64 /* Build configuration list for PBXProject "F1reactionTraining" */ = {
			isa = XCConfigurationList;
			buildConfigurations = (
				A4AC5BB52800BED4007D6A64 /* Debug */,
				A4AC5BB62800BED4007D6A64 /* Release */,
			);
			defaultConfigurationIsVisible = 0;
			defaultConfigurationName = Release;
		};
		A4AC5BB72800BED4007D6A64 /* Build configuration list for PBXNativeTarget "F1reactionTraining (iOS)" */ = {
			isa = XCConfigurationList;
			buildConfigurations = (
				A4AC5BB82800BED4007D6A64 /* Debug */,
				A4AC5BB92800BED4007D6A64 /* Release */,
			);
			defaultConfigurationIsVisible = 0;
			defaultConfigurationName = Release;
		};
		A4AC5BBA2800BED4007D6A64 /* Build configuration list for PBXNativeTarget "F1reactionTraining (macOS)" */ = {
			isa = XCConfigurationList;
			buildConfigurations = (
				A4AC5BBB2800BED4007D6A64 /* Debug */,
				A4AC5BBC2800BED4007D6A64 /* Release */,
			);
			defaultConfigurationIsVisible = 0;
			defaultConfigurationName = Release;
		};
		A4AC5BBD2800BED4007D6A64 /* Build configuration list for PBXNativeTarget "Tests iOS" */ = {
			isa = XCConfigurationList;
			buildConfigurations = (
				A4AC5BBE2800BED4007D6A64 /* Debug */,
				A4AC5BBF2800BED4007D6A64 /* Release */,
			);
			defaultConfigurationIsVisible = 0;
			defaultConfigurationName = Release;
		};
		A4AC5BC02800BED4007D6A64 /* Build configuration list for PBXNativeTarget "Tests macOS" */ = {
			isa = XCConfigurationList;
			buildConfigurations = (
				A4AC5BC12800BED4007D6A64 /* Debug */,
				A4AC5BC22800BED4007D6A64 /* Release */,
			);
			defaultConfigurationIsVisible = 0;
			defaultConfigurationName = Release;
		};
/* End XCConfigurationList section */

/* Begin XCVersionGroup section */
		A4AC5B802800BED2007D6A64 /* F1reactionTraining.xcdatamodeld */ = {
			isa = XCVersionGroup;
			children = (
				A4AC5B812800BED2007D6A64 /* Shared.xcdatamodel */,
			);
			currentVersion = A4AC5B812800BED2007D6A64 /* Shared.xcdatamodel */;
			path = F1reactionTraining.xcdatamodeld;
			sourceTree = "<group>";
			versionGroupType = wrapper.xcdatamodel;
		};
/* End XCVersionGroup section */
	};
	rootObject = A4AC5B7B2800BED2007D6A64 /* Project object */;
}
